
Microsoft Visual Studio Solution File, Format Version 12.00
# Visual Studio Version 16
VisualStudioVersion = 16.0.31205.134
MinimumVisualStudioVersion = 10.0.40219.1
Project("{FAE04EC0-301F-11D3-BF4B-00C04F79EFBC}") = "Gridnine.FlightCodingTest", "Gridnine.FlightCodingTest\Gridnine.FlightCodingTest.csproj", "{228E5D2D-2EFE-4CF2-A2EA-21D481DF1684}"
EndProject
Global
	GlobalSection(SolutionConfigurationPlatforms) = preSolution
		Debug|Any CPU = Debug|Any CPU
		Release|Any CPU = Release|Any CPU
	EndGlobalSection
	GlobalSection(ProjectConfigurationPlatforms) = postSolution
		{228E5D2D-2EFE-4CF2-A2EA-21D481DF1684}.Debug|Any CPU.ActiveCfg = Debug|Any CPU
		{228E5D2D-2EFE-4CF2-A2EA-21D481DF1684}.Debug|Any CPU.Build.0 = Debug|Any CPU
		{228E5D2D-2EFE-4CF2-A2EA-21D481DF1684}.Release|Any CPU.ActiveCfg = Release|Any CPU
		{228E5D2D-2EFE-4CF2-A2EA-21D481DF1684}.Release|Any CPU.Build.0 = Release|Any CPU
	EndGlobalSection
	GlobalSection(SolutionProperties) = preSolution
		HideSolutionNode = FALSE
	EndGlobalSection
	GlobalSection(ExtensibilityGlobals) = postSolution
		SolutionGuid = {3C5CFB26-E328-494B-B93F-3D3735C21E3F}
	EndGlobalSection
EndGlobal
